
Microsoft Visual Studio Solution File, Format Version 12.00
# Visual Studio Version 17
VisualStudioVersion = 17.9.34714.143
MinimumVisualStudioVersion = 10.0.40219.1
Project("{FAE04EC0-301F-11D3-BF4B-00C04F79EFBC}") = "WhiteLagoon.Web", "WhiteLagoon.Web\WhiteLagoon.Web.csproj", "{12B555A5-A515-4993-8C48-27B26FB6F2F6}"
EndProject
Global
	GlobalSection(SolutionConfigurationPlatforms) = preSolution
		Debug|Any CPU = Debug|Any CPU
		Release|Any CPU = Release|Any CPU
	EndGlobalSection
	GlobalSection(ProjectConfigurationPlatforms) = postSolution
		{12B555A5-A515-4993-8C48-27B26FB6F2F6}.Debug|Any CPU.ActiveCfg = Debug|Any CPU
		{12B555A5-A515-4993-8C48-27B26FB6F2F6}.Debug|Any CPU.Build.0 = Debug|Any CPU
		{12B555A5-A515-4993-8C48-27B26FB6F2F6}.Release|Any CPU.ActiveCfg = Release|Any CPU
		{12B555A5-A515-4993-8C48-27B26FB6F2F6}.Release|Any CPU.Build.0 = Release|Any CPU
	EndGlobalSection
	GlobalSection(SolutionProperties) = preSolution
		HideSolutionNode = FALSE
	EndGlobalSection
	GlobalSection(ExtensibilityGlobals) = postSolution
		SolutionGuid = {F4182387-DAA1-410E-902D-03A743C08DC5}
	EndGlobalSection
EndGlobal
